
Microsoft Visual Studio Solution File, Format Version 12.00
# Visual Studio Version 16
VisualStudioVersion = 16.0.30907.101
MinimumVisualStudioVersion = 15.0.26124.0
Project("{9A19103F-16F7-4668-BE54-9A1E7A4F7556}") = "API", "API\API.csproj", "{275E2402-C0FC-4BF9-A470-D544AF2A4D04}"
EndProject
Global
	GlobalSection(SolutionConfigurationPlatforms) = preSolution
		Debug|Any CPU = Debug|Any CPU
		Debug|x64 = Debug|x64
		Debug|x86 = Debug|x86
		Release|Any CPU = Release|Any CPU
		Release|x64 = Release|x64
		Release|x86 = Release|x86
	EndGlobalSection
	GlobalSection(ProjectConfigurationPlatforms) = postSolution
		{275E2402-C0FC-4BF9-A470-D544AF2A4D04}.Debug|Any CPU.ActiveCfg = Debug|Any CPU
		{275E2402-C0FC-4BF9-A470-D544AF2A4D04}.Debug|Any CPU.Build.0 = Debug|Any CPU
		{275E2402-C0FC-4BF9-A470-D544AF2A4D04}.Debug|x64.ActiveCfg = Debug|Any CPU
		{275E2402-C0FC-4BF9-A470-D544AF2A4D04}.Debug|x64.Build.0 = Debug|Any CPU
		{275E2402-C0FC-4BF9-A470-D544AF2A4D04}.Debug|x86.ActiveCfg = Debug|Any CPU
		{275E2402-C0FC-4BF9-A470-D544AF2A4D04}.Debug|x86.Build.0 = Debug|Any CPU
		{275E2402-C0FC-4BF9-A470-D544AF2A4D04}.Release|Any CPU.ActiveCfg = Release|Any CPU
		{275E2402-C0FC-4BF9-A470-D544AF2A4D04}.Release|Any CPU.Build.0 = Release|Any CPU
		{275E2402-C0FC-4BF9-A470-D544AF2A4D04}.Release|x64.ActiveCfg = Release|Any CPU
		{275E2402-C0FC-4BF9-A470-D544AF2A4D04}.Release|x64.Build.0 = Release|Any CPU
		{275E2402-C0FC-4BF9-A470-D544AF2A4D04}.Release|x86.ActiveCfg = Release|Any CPU
		{275E2402-C0FC-4BF9-A470-D544AF2A4D04}.Release|x86.Build.0 = Release|Any CPU
	EndGlobalSection
	GlobalSection(SolutionProperties) = preSolution
		HideSolutionNode = FALSE
	EndGlobalSection
	GlobalSection(ExtensibilityGlobals) = postSolution
		SolutionGuid = {69C870D6-4E75-4659-9CFA-4507F55DFCAD}
	EndGlobalSection
EndGlobal
